{
    "_meta": {
        "hash": {
            "sha256": "1a165459a1cabb29f37d6e2156706130fac858cd0f2fc7a5ac77ad44d769c16a"
        },
        "pipfile-spec": 6,
        "requires": {
            "python_version": "3.8"
        },
        "sources": [
            {
                "name": "pypi",
                "url": "https://pypi.org/simple",
                "verify_ssl": true
            }
        ]
    },
    "default": {},
    "develop": {}
}